// !$*UTF8*$!
{
	archiveVersion = 1;
	classes = {
	};
	objectVersion = 50;
	objects = {

/* Begin PBXBuildFile section */
		CD088F70252CE42A00502507 /* EventListViewModel.swift in Sources */ = {isa = PBXBuildFile; fileRef = CD088F6F252CE42A00502507 /* EventListViewModel.swift */; };
		CD088F73252CE52600502507 /* AddEventCoordinator.swift in Sources */ = {isa = PBXBuildFile; fileRef = CD088F72252CE52600502507 /* AddEventCoordinator.swift */; };
		CD088F77252CF1C100502507 /* UIViewController+Extensions.swift in Sources */ = {isa = PBXBuildFile; fileRef = CD088F76252CF1C100502507 /* UIViewController+Extensions.swift */; };
		CD088F7A252CF2A600502507 /* AddEventViewModel.swift in Sources */ = {isa = PBXBuildFile; fileRef = CD088F79252CF2A600502507 /* AddEventViewModel.swift */; };
		CD2F1A4F2534CA990074EA62 /* TimeRemainingStackView.swift in Sources */ = {isa = PBXBuildFile; fileRef = CD2F1A4E2534CA990074EA62 /* TimeRemainingStackView.swift */; };
		CD2F1A532534CB130074EA62 /* TimeRemainingViewModel.swift in Sources */ = {isa = PBXBuildFile; fileRef = CD2F1A522534CB130074EA62 /* TimeRemainingViewModel.swift */; };
		CD2F1A582534DD140074EA62 /* EditEventCoordinator.swift in Sources */ = {isa = PBXBuildFile; fileRef = CD2F1A572534DD140074EA62 /* EditEventCoordinator.swift */; };
		CD2F1A5B2534DDCC0074EA62 /* EditEventViewController.swift in Sources */ = {isa = PBXBuildFile; fileRef = CD2F1A5A2534DDCC0074EA62 /* EditEventViewController.swift */; };
		CD2F1A5E2534DE8A0074EA62 /* EditEventViewModel.swift in Sources */ = {isa = PBXBuildFile; fileRef = CD2F1A5D2534DE8A0074EA62 /* EditEventViewModel.swift */; };
		CD3D689B25362F47003041BE /* EventService.swift in Sources */ = {isa = PBXBuildFile; fileRef = CD3D689A25362F47003041BE /* EventService.swift */; };
		CD6CE0B5252A4F0B00C28D5A /* AppDelegate.swift in Sources */ = {isa = PBXBuildFile; fileRef = CD6CE0B4252A4F0B00C28D5A /* AppDelegate.swift */; };
		CD6CE0B7252A4F0B00C28D5A /* SceneDelegate.swift in Sources */ = {isa = PBXBuildFile; fileRef = CD6CE0B6252A4F0B00C28D5A /* SceneDelegate.swift */; };
		CD6CE0B9252A4F0B00C28D5A /* AddEventViewController.swift in Sources */ = {isa = PBXBuildFile; fileRef = CD6CE0B8252A4F0B00C28D5A /* AddEventViewController.swift */; };
		CD6CE0BC252A4F0B00C28D5A /* Main.storyboard in Resources */ = {isa = PBXBuildFile; fileRef = CD6CE0BA252A4F0B00C28D5A /* Main.storyboard */; };
		CD6CE0BE252A4F0B00C28D5A /* Assets.xcassets in Resources */ = {isa = PBXBuildFile; fileRef = CD6CE0BD252A4F0B00C28D5A /* Assets.xcassets */; };
		CD6CE0C1252A4F0B00C28D5A /* LaunchScreen.storyboard in Resources */ = {isa = PBXBuildFile; fileRef = CD6CE0BF252A4F0B00C28D5A /* LaunchScreen.storyboard */; };
		CD6CE0CA252A4F1900C28D5A /* AppCoordinator.swift in Sources */ = {isa = PBXBuildFile; fileRef = CD6CE0C9252A4F1900C28D5A /* AppCoordinator.swift */; };
		CD6CE0CE252A508500C28D5A /* EventListCoordinator.swift in Sources */ = {isa = PBXBuildFile; fileRef = CD6CE0CD252A508500C28D5A /* EventListCoordinator.swift */; };
		CD6CE0D1252A50F300C28D5A /* EventListViewController.swift in Sources */ = {isa = PBXBuildFile; fileRef = CD6CE0D0252A50F300C28D5A /* EventListViewController.swift */; };
		CD6CE0D4252A52E300C28D5A /* UIColor+Extensions.swift in Sources */ = {isa = PBXBuildFile; fileRef = CD6CE0D3252A52E300C28D5A /* UIColor+Extensions.swift */; };
		CD6CE0DB252A546400C28D5A /* EventsApp.xcdatamodeld in Sources */ = {isa = PBXBuildFile; fileRef = CD6CE0D9252A546400C28D5A /* EventsApp.xcdatamodeld */; };
		CD6CE0DE252A55E300C28D5A /* CoreDataManager.swift in Sources */ = {isa = PBXBuildFile; fileRef = CD6CE0DD252A55E300C28D5A /* CoreDataManager.swift */; };
		CD790F24252EDD2000B51BF9 /* TitleSubtitleCellViewModel.swift in Sources */ = {isa = PBXBuildFile; fileRef = CD790F23252EDD2000B51BF9 /* TitleSubtitleCellViewModel.swift */; };
		CD790F29252EDDA200B51BF9 /* TitleSubtitleCell.swift in Sources */ = {isa = PBXBuildFile; fileRef = CD790F28252EDDA200B51BF9 /* TitleSubtitleCell.swift */; };
		CD92B50425332D1E0041C53F /* Date+Extensions.swift in Sources */ = {isa = PBXBuildFile; fileRef = CD92B50325332D1E0041C53F /* Date+Extensions.swift */; };
		CD949ADB2532088000BD1C35 /* EventCellViewModel.swift in Sources */ = {isa = PBXBuildFile; fileRef = CD949ADA2532088000BD1C35 /* EventCellViewModel.swift */; };
		CD949ADF25320A4400BD1C35 /* EventCell.swift in Sources */ = {isa = PBXBuildFile; fileRef = CD949ADE25320A4400BD1C35 /* EventCell.swift */; };
		CD949AE325320C4500BD1C35 /* UIView+Extensions.swift in Sources */ = {isa = PBXBuildFile; fileRef = CD949AE225320C4500BD1C35 /* UIView+Extensions.swift */; };
		CDA73E922531CD5400D21BC0 /* ImagePickerCoordinator.swift in Sources */ = {isa = PBXBuildFile; fileRef = CDA73E912531CD5400D21BC0 /* ImagePickerCoordinator.swift */; };
		CDA73E952531D3B000D21BC0 /* EventsCellBuilder.swift in Sources */ = {isa = PBXBuildFile; fileRef = CDA73E942531D3B000D21BC0 /* EventsCellBuilder.swift */; };
		CDD1B2FD25334D370011DC36 /* UIImage+Extensions.swift in Sources */ = {isa = PBXBuildFile; fileRef = CDD1B2FC25334D370011DC36 /* UIImage+Extensions.swift */; };
		CDD1B301253350960011DC36 /* EventDetailCoordinator.swift in Sources */ = {isa = PBXBuildFile; fileRef = CDD1B300253350960011DC36 /* EventDetailCoordinator.swift */; };
		CDD1B304253351470011DC36 /* EventDetailViewController.swift in Sources */ = {isa = PBXBuildFile; fileRef = CDD1B303253351470011DC36 /* EventDetailViewController.swift */; };
		CDD1B307253352740011DC36 /* EventDetailViewModel.swift in Sources */ = {isa = PBXBuildFile; fileRef = CDD1B306253352740011DC36 /* EventDetailViewModel.swift */; };
/* End PBXBuildFile section */

/* Begin PBXFileReference section */
		CD088F6F252CE42A00502507 /* EventListViewModel.swift */ = {isa = PBXFileReference; lastKnownFileType = sourcecode.swift; path = EventListViewModel.swift; sourceTree = "<group>"; };
		CD088F72252CE52600502507 /* AddEventCoordinator.swift */ = {isa = PBXFileReference; lastKnownFileType = sourcecode.swift; path = AddEventCoordinator.swift; sourceTree = "<group>"; };
		CD088F76252CF1C100502507 /* UIViewController+Extensions.swift */ = {isa = PBXFileReference; lastKnownFileType = sourcecode.swift; path = "UIViewController+Extensions.swift"; sourceTree = "<group>"; };
		CD088F79252CF2A600502507 /* AddEventViewModel.swift */ = {isa = PBXFileReference; lastKnownFileType = sourcecode.swift; path = AddEventViewModel.swift; sourceTree = "<group>"; };
		CD2F1A4E2534CA990074EA62 /* TimeRemainingStackView.swift */ = {isa = PBXFileReference; lastKnownFileType = sourcecode.swift; path = TimeRemainingStackView.swift; sourceTree = "<group>"; };
		CD2F1A522534CB130074EA62 /* TimeRemainingViewModel.swift */ = {isa = PBXFileReference; lastKnownFileType = sourcecode.swift; path = TimeRemainingViewModel.swift; sourceTree = "<group>"; };
		CD2F1A572534DD140074EA62 /* EditEventCoordinator.swift */ = {isa = PBXFileReference; lastKnownFileType = sourcecode.swift; path = EditEventCoordinator.swift; sourceTree = "<group>"; };
		CD2F1A5A2534DDCC0074EA62 /* EditEventViewController.swift */ = {isa = PBXFileReference; lastKnownFileType = sourcecode.swift; path = EditEventViewController.swift; sourceTree = "<group>"; };
		CD2F1A5D2534DE8A0074EA62 /* EditEventViewModel.swift */ = {isa = PBXFileReference; lastKnownFileType = sourcecode.swift; path = EditEventViewModel.swift; sourceTree = "<group>"; };
		CD3D689A25362F47003041BE /* EventService.swift */ = {isa = PBXFileReference; lastKnownFileType = sourcecode.swift; path = EventService.swift; sourceTree = "<group>"; };
		CD6CE0B1252A4F0B00C28D5A /* EventsApp.app */ = {isa = PBXFileReference; explicitFileType = wrapper.application; includeInIndex = 0; path = EventsApp.app; sourceTree = BUILT_PRODUCTS_DIR; };
		CD6CE0B4252A4F0B00C28D5A /* AppDelegate.swift */ = {isa = PBXFileReference; lastKnownFileType = sourcecode.swift; path = AppDelegate.swift; sourceTree = "<group>"; };
		CD6CE0B6252A4F0B00C28D5A /* SceneDelegate.swift */ = {isa = PBXFileReference; lastKnownFileType = sourcecode.swift; path = SceneDelegate.swift; sourceTree = "<group>"; };
		CD6CE0B8252A4F0B00C28D5A /* AddEventViewController.swift */ = {isa = PBXFileReference; lastKnownFileType = sourcecode.swift; path = AddEventViewController.swift; sourceTree = "<group>"; };
		CD6CE0BB252A4F0B00C28D5A /* Base */ = {isa = PBXFileReference; lastKnownFileType = file.storyboard; name = Base; path = Base.lproj/Main.storyboard; sourceTree = "<group>"; };
		CD6CE0BD252A4F0B00C28D5A /* Assets.xcassets */ = {isa = PBXFileReference; lastKnownFileType = folder.assetcatalog; path = Assets.xcassets; sourceTree = "<group>"; };
		CD6CE0C0252A4F0B00C28D5A /* Base */ = {isa = PBXFileReference; lastKnownFileType = file.storyboard; name = Base; path = Base.lproj/LaunchScreen.storyboard; sourceTree = "<group>"; };
		CD6CE0C2252A4F0B00C28D5A /* Info.plist */ = {isa = PBXFileReference; lastKnownFileType = text.plist.xml; path = Info.plist; sourceTree = "<group>"; };
		CD6CE0C9252A4F1900C28D5A /* AppCoordinator.swift */ = {isa = PBXFileReference; lastKnownFileType = sourcecode.swift; path = AppCoordinator.swift; sourceTree = "<group>"; };
		CD6CE0CD252A508500C28D5A /* EventListCoordinator.swift */ = {isa = PBXFileReference; lastKnownFileType = sourcecode.swift; path = EventListCoordinator.swift; sourceTree = "<group>"; };
		CD6CE0D0252A50F300C28D5A /* EventListViewController.swift */ = {isa = PBXFileReference; lastKnownFileType = sourcecode.swift; path = EventListViewController.swift; sourceTree = "<group>"; };
		CD6CE0D3252A52E300C28D5A /* UIColor+Extensions.swift */ = {isa = PBXFileReference; lastKnownFileType = sourcecode.swift; path = "UIColor+Extensions.swift"; sourceTree = "<group>"; };
		CD6CE0DA252A546400C28D5A /* EventsApp.xcdatamodel */ = {isa = PBXFileReference; lastKnownFileType = wrapper.xcdatamodel; path = EventsApp.xcdatamodel; sourceTree = "<group>"; };
		CD6CE0DD252A55E300C28D5A /* CoreDataManager.swift */ = {isa = PBXFileReference; lastKnownFileType = sourcecode.swift; path = CoreDataManager.swift; sourceTree = "<group>"; };
		CD790F23252EDD2000B51BF9 /* TitleSubtitleCellViewModel.swift */ = {isa = PBXFileReference; lastKnownFileType = sourcecode.swift; path = TitleSubtitleCellViewModel.swift; sourceTree = "<group>"; };
		CD790F28252EDDA200B51BF9 /* TitleSubtitleCell.swift */ = {isa = PBXFileReference; lastKnownFileType = sourcecode.swift; path = TitleSubtitleCell.swift; sourceTree = "<group>"; };
		CD92B50325332D1E0041C53F /* Date+Extensions.swift */ = {isa = PBXFileReference; lastKnownFileType = sourcecode.swift; path = "Date+Extensions.swift"; sourceTree = "<group>"; };
		CD949ADA2532088000BD1C35 /* EventCellViewModel.swift */ = {isa = PBXFileReference; lastKnownFileType = sourcecode.swift; path = EventCellViewModel.swift; sourceTree = "<group>"; };
		CD949ADE25320A4400BD1C35 /* EventCell.swift */ = {isa = PBXFileReference; lastKnownFileType = sourcecode.swift; path = EventCell.swift; sourceTree = "<group>"; };
		CD949AE225320C4500BD1C35 /* UIView+Extensions.swift */ = {isa = PBXFileReference; lastKnownFileType = sourcecode.swift; path = "UIView+Extensions.swift"; sourceTree = "<group>"; };
		CDA73E912531CD5400D21BC0 /* ImagePickerCoordinator.swift */ = {isa = PBXFileReference; lastKnownFileType = sourcecode.swift; path = ImagePickerCoordinator.swift; sourceTree = "<group>"; };
		CDA73E942531D3B000D21BC0 /* EventsCellBuilder.swift */ = {isa = PBXFileReference; lastKnownFileType = sourcecode.swift; path = EventsCellBuilder.swift; sourceTree = "<group>"; };
		CDD1B2FC25334D370011DC36 /* UIImage+Extensions.swift */ = {isa = PBXFileReference; lastKnownFileType = sourcecode.swift; path = "UIImage+Extensions.swift"; sourceTree = "<group>"; };
		CDD1B300253350960011DC36 /* EventDetailCoordinator.swift */ = {isa = PBXFileReference; lastKnownFileType = sourcecode.swift; path = EventDetailCoordinator.swift; sourceTree = "<group>"; };
		CDD1B303253351470011DC36 /* EventDetailViewController.swift */ = {isa = PBXFileReference; lastKnownFileType = sourcecode.swift; path = EventDetailViewController.swift; sourceTree = "<group>"; };
		CDD1B306253352740011DC36 /* EventDetailViewModel.swift */ = {isa = PBXFileReference; lastKnownFileType = sourcecode.swift; path = EventDetailViewModel.swift; sourceTree = "<group>"; };
/* End PBXFileReference section */

/* Begin PBXFrameworksBuildPhase section */
		CD6CE0AE252A4F0B00C28D5A /* Frameworks */ = {
			isa = PBXFrameworksBuildPhase;
			buildActionMask = 2147483647;
			files = (
			);
			runOnlyForDeploymentPostprocessing = 0;
		};
/* End PBXFrameworksBuildPhase section */

/* Begin PBXGroup section */
		CD3D689925362F3D003041BE /* Services */ = {
			isa = PBXGroup;
			children = (
				CD3D689A25362F47003041BE /* EventService.swift */,
			);
			path = Services;
			sourceTree = "<group>";
		};
		CD6CE0A8252A4F0B00C28D5A = {
			isa = PBXGroup;
			children = (
				CD6CE0B3252A4F0B00C28D5A /* EventsApp */,
				CD6CE0B2252A4F0B00C28D5A /* Products */,
			);
			sourceTree = "<group>";
		};
		CD6CE0B2252A4F0B00C28D5A /* Products */ = {
			isa = PBXGroup;
			children = (
				CD6CE0B1252A4F0B00C28D5A /* EventsApp.app */,
			);
			name = Products;
			sourceTree = "<group>";
		};
		CD6CE0B3252A4F0B00C28D5A /* EventsApp */ = {
			isa = PBXGroup;
			children = (
				CD6CE0B4252A4F0B00C28D5A /* AppDelegate.swift */,
				CD6CE0B6252A4F0B00C28D5A /* SceneDelegate.swift */,
				CD3D689925362F3D003041BE /* Services */,
				CD790F22252EDD0600B51BF9 /* ViewModels */,
				CD790F27252EDD7D00B51BF9 /* Views */,
				CD6CE0D8252A543500C28D5A /* Controllers */,
				CD6CE0D7252A542A00C28D5A /* Coordinator */,
				CD6CE0D6252A541F00C28D5A /* Extensions */,
				CD6CE0BA252A4F0B00C28D5A /* Main.storyboard */,
				CD6CE0BD252A4F0B00C28D5A /* Assets.xcassets */,
				CD6CE0BF252A4F0B00C28D5A /* LaunchScreen.storyboard */,
				CD6CE0C2252A4F0B00C28D5A /* Info.plist */,
				CD6CE0D9252A546400C28D5A /* EventsApp.xcdatamodeld */,
				CD6CE0DD252A55E300C28D5A /* CoreDataManager.swift */,
				CDA73E942531D3B000D21BC0 /* EventsCellBuilder.swift */,
			);
			path = EventsApp;
			sourceTree = "<group>";
		};
		CD6CE0D6252A541F00C28D5A /* Extensions */ = {
			isa = PBXGroup;
			children = (
				CD6CE0D3252A52E300C28D5A /* UIColor+Extensions.swift */,
				CD088F76252CF1C100502507 /* UIViewController+Extensions.swift */,
				CD949AE225320C4500BD1C35 /* UIView+Extensions.swift */,
				CD92B50325332D1E0041C53F /* Date+Extensions.swift */,
				CDD1B2FC25334D370011DC36 /* UIImage+Extensions.swift */,
			);
			path = Extensions;
			sourceTree = "<group>";
		};
		CD6CE0D7252A542A00C28D5A /* Coordinator */ = {
			isa = PBXGroup;
			children = (
				CD6CE0C9252A4F1900C28D5A /* AppCoordinator.swift */,
				CD6CE0CD252A508500C28D5A /* EventListCoordinator.swift */,
				CD088F72252CE52600502507 /* AddEventCoordinator.swift */,
				CDA73E912531CD5400D21BC0 /* ImagePickerCoordinator.swift */,
				CDD1B300253350960011DC36 /* EventDetailCoordinator.swift */,
				CD2F1A572534DD140074EA62 /* EditEventCoordinator.swift */,
			);
			path = Coordinator;
			sourceTree = "<group>";
		};
		CD6CE0D8252A543500C28D5A /* Controllers */ = {
			isa = PBXGroup;
			children = (
				CD6CE0D0252A50F300C28D5A /* EventListViewController.swift */,
				CD6CE0B8252A4F0B00C28D5A /* AddEventViewController.swift */,
				CDD1B303253351470011DC36 /* EventDetailViewController.swift */,
				CD2F1A5A2534DDCC0074EA62 /* EditEventViewController.swift */,
			);
			path = Controllers;
			sourceTree = "<group>";
		};
		CD790F22252EDD0600B51BF9 /* ViewModels */ = {
			isa = PBXGroup;
			children = (
				CD949ADA2532088000BD1C35 /* EventCellViewModel.swift */,
				CD088F6F252CE42A00502507 /* EventListViewModel.swift */,
				CD088F79252CF2A600502507 /* AddEventViewModel.swift */,
				CD790F23252EDD2000B51BF9 /* TitleSubtitleCellViewModel.swift */,
				CDD1B306253352740011DC36 /* EventDetailViewModel.swift */,
				CD2F1A522534CB130074EA62 /* TimeRemainingViewModel.swift */,
				CD2F1A5D2534DE8A0074EA62 /* EditEventViewModel.swift */,
			);
			path = ViewModels;
			sourceTree = "<group>";
		};
		CD790F27252EDD7D00B51BF9 /* Views */ = {
			isa = PBXGroup;
			children = (
				CD790F28252EDDA200B51BF9 /* TitleSubtitleCell.swift */,
				CD949ADE25320A4400BD1C35 /* EventCell.swift */,
				CD2F1A4E2534CA990074EA62 /* TimeRemainingStackView.swift */,
			);
			path = Views;
			sourceTree = "<group>";
		};
/* End PBXGroup section */

/* Begin PBXNativeTarget section */
		CD6CE0B0252A4F0B00C28D5A /* EventsApp */ = {
			isa = PBXNativeTarget;
			buildConfigurationList = CD6CE0C5252A4F0B00C28D5A /* Build configuration list for PBXNativeTarget "EventsApp" */;
			buildPhases = (
				CD6CE0AD252A4F0B00C28D5A /* Sources */,
				CD6CE0AE252A4F0B00C28D5A /* Frameworks */,
				CD6CE0AF252A4F0B00C28D5A /* Resources */,
			);
			buildRules = (
			);
			dependencies = (
			);
			name = EventsApp;
			productName = EventsApp;
			productReference = CD6CE0B1252A4F0B00C28D5A /* EventsApp.app */;
			productType = "com.apple.product-type.application";
		};
/* End PBXNativeTarget section */

/* Begin PBXProject section */
		CD6CE0A9252A4F0B00C28D5A /* Project object */ = {
			isa = PBXProject;
			attributes = {
				LastSwiftUpdateCheck = 1220;
				LastUpgradeCheck = 1220;
				TargetAttributes = {
					CD6CE0B0252A4F0B00C28D5A = {
						CreatedOnToolsVersion = 12.2;
					};
				};
			};
			buildConfigurationList = CD6CE0AC252A4F0B00C28D5A /* Build configuration list for PBXProject "EventsApp" */;
			compatibilityVersion = "Xcode 9.3";
			developmentRegion = en;
			hasScannedForEncodings = 0;
			knownRegions = (
				en,
				Base,
			);
			mainGroup = CD6CE0A8252A4F0B00C28D5A;
			productRefGroup = CD6CE0B2252A4F0B00C28D5A /* Products */;
			projectDirPath = "";
			projectRoot = "";
			targets = (
				CD6CE0B0252A4F0B00C28D5A /* EventsApp */,
			);
		};
/* End PBXProject section */

/* Begin PBXResourcesBuildPhase section */
		CD6CE0AF252A4F0B00C28D5A /* Resources */ = {
			isa = PBXResourcesBuildPhase;
			buildActionMask = 2147483647;
			files = (
				CD6CE0C1252A4F0B00C28D5A /* LaunchScreen.storyboard in Resources */,
				CD6CE0BE252A4F0B00C28D5A /* Assets.xcassets in Resources */,
				CD6CE0BC252A4F0B00C28D5A /* Main.storyboard in Resources */,
			);
			runOnlyForDeploymentPostprocessing = 0;
		};
/* End PBXResourcesBuildPhase section */

/* Begin PBXSourcesBuildPhase section */
		CD6CE0AD252A4F0B00C28D5A /* Sources */ = {
			isa = PBXSourcesBuildPhase;
			buildActionMask = 2147483647;
			files = (
				CD790F24252EDD2000B51BF9 /* TitleSubtitleCellViewModel.swift in Sources */,
				CD6CE0CA252A4F1900C28D5A /* AppCoordinator.swift in Sources */,
				CD92B50425332D1E0041C53F /* Date+Extensions.swift in Sources */,
				CDD1B301253350960011DC36 /* EventDetailCoordinator.swift in Sources */,
				CD949AE325320C4500BD1C35 /* UIView+Extensions.swift in Sources */,
				CD6CE0DE252A55E300C28D5A /* CoreDataManager.swift in Sources */,
				CDD1B304253351470011DC36 /* EventDetailViewController.swift in Sources */,
				CD2F1A5B2534DDCC0074EA62 /* EditEventViewController.swift in Sources */,
				CD6CE0D1252A50F300C28D5A /* EventListViewController.swift in Sources */,
				CD088F7A252CF2A600502507 /* AddEventViewModel.swift in Sources */,
				CD2F1A582534DD140074EA62 /* EditEventCoordinator.swift in Sources */,
				CD6CE0B9252A4F0B00C28D5A /* AddEventViewController.swift in Sources */,
				CD088F77252CF1C100502507 /* UIViewController+Extensions.swift in Sources */,
				CD6CE0B5252A4F0B00C28D5A /* AppDelegate.swift in Sources */,
				CD949ADF25320A4400BD1C35 /* EventCell.swift in Sources */,
				CD6CE0DB252A546400C28D5A /* EventsApp.xcdatamodeld in Sources */,
				CD6CE0D4252A52E300C28D5A /* UIColor+Extensions.swift in Sources */,
				CD088F70252CE42A00502507 /* EventListViewModel.swift in Sources */,
				CDA73E952531D3B000D21BC0 /* EventsCellBuilder.swift in Sources */,
				CDD1B2FD25334D370011DC36 /* UIImage+Extensions.swift in Sources */,
				CD6CE0B7252A4F0B00C28D5A /* SceneDelegate.swift in Sources */,
				CDD1B307253352740011DC36 /* EventDetailViewModel.swift in Sources */,
				CD2F1A532534CB130074EA62 /* TimeRemainingViewModel.swift in Sources */,
				CD2F1A5E2534DE8A0074EA62 /* EditEventViewModel.swift in Sources */,
				CD949ADB2532088000BD1C35 /* EventCellViewModel.swift in Sources */,
				CD3D689B25362F47003041BE /* EventService.swift in Sources */,
				CDA73E922531CD5400D21BC0 /* ImagePickerCoordinator.swift in Sources */,
				CD790F29252EDDA200B51BF9 /* TitleSubtitleCell.swift in Sources */,
				CD2F1A4F2534CA990074EA62 /* TimeRemainingStackView.swift in Sources */,
				CD088F73252CE52600502507 /* AddEventCoordinator.swift in Sources */,
				CD6CE0CE252A508500C28D5A /* EventListCoordinator.swift in Sources */,
			);
			runOnlyForDeploymentPostprocessing = 0;
		};
/* End PBXSourcesBuildPhase section */

/* Begin PBXVariantGroup section */
		CD6CE0BA252A4F0B00C28D5A /* Main.storyboard */ = {
			isa = PBXVariantGroup;
			children = (
				CD6CE0BB252A4F0B00C28D5A /* Base */,
			);
			name = Main.storyboard;
			sourceTree = "<group>";
		};
		CD6CE0BF252A4F0B00C28D5A /* LaunchScreen.storyboard */ = {
			isa = PBXVariantGroup;
			children = (
				CD6CE0C0252A4F0B00C28D5A /* Base */,
			);
			name = LaunchScreen.storyboard;
			sourceTree = "<group>";
		};
/* End PBXVariantGroup section */

/* Begin XCBuildConfiguration section */
		CD6CE0C3252A4F0B00C28D5A /* Debug */ = {
			isa = XCBuildConfiguration;
			buildSettings = {
				ALWAYS_SEARCH_USER_PATHS = NO;
				CLANG_ANALYZER_NONNULL = YES;
				CLANG_ANALYZER_NUMBER_OBJECT_CONVERSION = YES_AGGRESSIVE;
				CLANG_CXX_LANGUAGE_STANDARD = "gnu++14";
				CLANG_CXX_LIBRARY = "libc++";
				CLANG_ENABLE_MODULES = YES;
				CLANG_ENABLE_OBJC_ARC = YES;
				CLANG_ENABLE_OBJC_WEAK = YES;
				CLANG_WARN_BLOCK_CAPTURE_AUTORELEASING = YES;
				CLANG_WARN_BOOL_CONVERSION = YES;
				CLANG_WARN_COMMA = YES;
				CLANG_WARN_CONSTANT_CONVERSION = YES;
				CLANG_WARN_DEPRECATED_OBJC_IMPLEMENTATIONS = YES;
				CLANG_WARN_DIRECT_OBJC_ISA_USAGE = YES_ERROR;
				CLANG_WARN_DOCUMENTATION_COMMENTS = YES;
				CLANG_WARN_EMPTY_BODY = YES;
				CLANG_WARN_ENUM_CONVERSION = YES;
				CLANG_WARN_INFINITE_RECURSION = YES;
				CLANG_WARN_INT_CONVERSION = YES;
				CLANG_WARN_NON_LITERAL_NULL_CONVERSION = YES;
				CLANG_WARN_OBJC_IMPLICIT_RETAIN_SELF = YES;
				CLANG_WARN_OBJC_LITERAL_CONVERSION = YES;
				CLANG_WARN_OBJC_ROOT_CLASS = YES_ERROR;
				CLANG_WARN_QUOTED_INCLUDE_IN_FRAMEWORK_HEADER = YES;
				CLANG_WARN_RANGE_LOOP_ANALYSIS = YES;
				CLANG_WARN_STRICT_PROTOTYPES = YES;
				CLANG_WARN_SUSPICIOUS_MOVE = YES;
				CLANG_WARN_UNGUARDED_AVAILABILITY = YES_AGGRESSIVE;
				CLANG_WARN_UNREACHABLE_CODE = YES;
				CLANG_WARN__DUPLICATE_METHOD_MATCH = YES;
				COPY_PHASE_STRIP = NO;
				DEBUG_INFORMATION_FORMAT = dwarf;
				ENABLE_STRICT_OBJC_MSGSEND = YES;
				ENABLE_TESTABILITY = YES;
				GCC_C_LANGUAGE_STANDARD = gnu11;
				GCC_DYNAMIC_NO_PIC = NO;
				GCC_NO_COMMON_BLOCKS = YES;
				GCC_OPTIMIZATION_LEVEL = 0;
				GCC_PREPROCESSOR_DEFINITIONS = (
					"DEBUG=1",
					"$(inherited)",
				);
				GCC_WARN_64_TO_32_BIT_CONVERSION = YES;
				GCC_WARN_ABOUT_RETURN_TYPE = YES_ERROR;
				GCC_WARN_UNDECLARED_SELECTOR = YES;
				GCC_WARN_UNINITIALIZED_AUTOS = YES_AGGRESSIVE;
				GCC_WARN_UNUSED_FUNCTION = YES;
				GCC_WARN_UNUSED_VARIABLE = YES;
				IPHONEOS_DEPLOYMENT_TARGET = 14.2;
				MTL_ENABLE_DEBUG_INFO = INCLUDE_SOURCE;
				MTL_FAST_MATH = YES;
				ONLY_ACTIVE_ARCH = YES;
				SDKROOT = iphoneos;
				SWIFT_ACTIVE_COMPILATION_CONDITIONS = DEBUG;
				SWIFT_OPTIMIZATION_LEVEL = "-Onone";
			};
			name = Debug;
		};
		CD6CE0C4252A4F0B00C28D5A /* Release */ = {
			isa = XCBuildConfiguration;
			buildSettings = {
				ALWAYS_SEARCH_USER_PATHS = NO;
				CLANG_ANALYZER_NONNULL = YES;
				CLANG_ANALYZER_NUMBER_OBJECT_CONVERSION = YES_AGGRESSIVE;
				CLANG_CXX_LANGUAGE_STANDARD = "gnu++14";
				CLANG_CXX_LIBRARY = "libc++";
				CLANG_ENABLE_MODULES = YES;
				CLANG_ENABLE_OBJC_ARC = YES;
				CLANG_ENABLE_OBJC_WEAK = YES;
				CLANG_WARN_BLOCK_CAPTURE_AUTORELEASING = YES;
				CLANG_WARN_BOOL_CONVERSION = YES;
				CLANG_WARN_COMMA = YES;
				CLANG_WARN_CONSTANT_CONVERSION = YES;
				CLANG_WARN_DEPRECATED_OBJC_IMPLEMENTATIONS = YES;
				CLANG_WARN_DIRECT_OBJC_ISA_USAGE = YES_ERROR;
				CLANG_WARN_DOCUMENTATION_COMMENTS = YES;
				CLANG_WARN_EMPTY_BODY = YES;
				CLANG_WARN_ENUM_CONVERSION = YES;
				CLANG_WARN_INFINITE_RECURSION = YES;
				CLANG_WARN_INT_CONVERSION = YES;
				CLANG_WARN_NON_LITERAL_NULL_CONVERSION = YES;
				CLANG_WARN_OBJC_IMPLICIT_RETAIN_SELF = YES;
				CLANG_WARN_OBJC_LITERAL_CONVERSION = YES;
				CLANG_WARN_OBJC_ROOT_CLASS = YES_ERROR;
				CLANG_WARN_QUOTED_INCLUDE_IN_FRAMEWORK_HEADER = YES;
				CLANG_WARN_RANGE_LOOP_ANALYSIS = YES;
				CLANG_WARN_STRICT_PROTOTYPES = YES;
				CLANG_WARN_SUSPICIOUS_MOVE = YES;
				CLANG_WARN_UNGUARDED_AVAILABILITY = YES_AGGRESSIVE;
				CLANG_WARN_UNREACHABLE_CODE = YES;
				CLANG_WARN__DUPLICATE_METHOD_MATCH = YES;
				COPY_PHASE_STRIP = NO;
				DEBUG_INFORMATION_FORMAT = "dwarf-with-dsym";
				ENABLE_NS_ASSERTIONS = NO;
				ENABLE_STRICT_OBJC_MSGSEND = YES;
				GCC_C_LANGUAGE_STANDARD = gnu11;
				GCC_NO_COMMON_BLOCKS = YES;
				GCC_WARN_64_TO_32_BIT_CONVERSION = YES;
				GCC_WARN_ABOUT_RETURN_TYPE = YES_ERROR;
				GCC_WARN_UNDECLARED_SELECTOR = YES;
				GCC_WARN_UNINITIALIZED_AUTOS = YES_AGGRESSIVE;
				GCC_WARN_UNUSED_FUNCTION = YES;
				GCC_WARN_UNUSED_VARIABLE = YES;
				IPHONEOS_DEPLOYMENT_TARGET = 14.2;
				MTL_ENABLE_DEBUG_INFO = NO;
				MTL_FAST_MATH = YES;
				SDKROOT = iphoneos;
				SWIFT_COMPILATION_MODE = wholemodule;
				SWIFT_OPTIMIZATION_LEVEL = "-O";
				VALIDATE_PRODUCT = YES;
			};
			name = Release;
		};
		CD6CE0C6252A4F0B00C28D5A /* Debug */ = {
			isa = XCBuildConfiguration;
			buildSettings = {
				ASSETCATALOG_COMPILER_APPICON_NAME = AppIcon;
				ASSETCATALOG_COMPILER_GLOBAL_ACCENT_COLOR_NAME = AccentColor;
				CODE_SIGN_STYLE = Automatic;
				DEVELOPMENT_TEAM = NU3T85F468;
				INFOPLIST_FILE = EventsApp/Info.plist;
				LD_RUNPATH_SEARCH_PATHS = (
					"$(inherited)",
					"@executable_path/Frameworks",
				);
				PRODUCT_BUNDLE_IDENTIFIER = com.icedoutxcv.EventsApp;
				PRODUCT_NAME = "$(TARGET_NAME)";
				SWIFT_VERSION = 5.0;
				TARGETED_DEVICE_FAMILY = "1,2";
			};
			name = Debug;
		};
		CD6CE0C7252A4F0B00C28D5A /* Release */ = {
			isa = XCBuildConfiguration;
			buildSettings = {
				ASSETCATALOG_COMPILER_APPICON_NAME = AppIcon;
				ASSETCATALOG_COMPILER_GLOBAL_ACCENT_COLOR_NAME = AccentColor;
				CODE_SIGN_STYLE = Automatic;
				DEVELOPMENT_TEAM = NU3T85F468;
				INFOPLIST_FILE = EventsApp/Info.plist;
				LD_RUNPATH_SEARCH_PATHS = (
					"$(inherited)",
					"@executable_path/Frameworks",
				);
				PRODUCT_BUNDLE_IDENTIFIER = com.icedoutxcv.EventsApp;
				PRODUCT_NAME = "$(TARGET_NAME)";
				SWIFT_VERSION = 5.0;
				TARGETED_DEVICE_FAMILY = "1,2";
			};
			name = Release;
		};
/* End XCBuildConfiguration section */

/* Begin XCConfigurationList section */
		CD6CE0AC252A4F0B00C28D5A /* Build configuration list for PBXProject "EventsApp" */ = {
			isa = XCConfigurationList;
			buildConfigurations = (
				CD6CE0C3252A4F0B00C28D5A /* Debug */,
				CD6CE0C4252A4F0B00C28D5A /* Release */,
			);
			defaultConfigurationIsVisible = 0;
			defaultConfigurationName = Release;
		};
		CD6CE0C5252A4F0B00C28D5A /* Build configuration list for PBXNativeTarget "EventsApp" */ = {
			isa = XCConfigurationList;
			buildConfigurations = (
				CD6CE0C6252A4F0B00C28D5A /* Debug */,
				CD6CE0C7252A4F0B00C28D5A /* Release */,
			);
			defaultConfigurationIsVisible = 0;
			defaultConfigurationName = Release;
		};
/* End XCConfigurationList section */

/* Begin XCVersionGroup section */
		CD6CE0D9252A546400C28D5A /* EventsApp.xcdatamodeld */ = {
			isa = XCVersionGroup;
			children = (
				CD6CE0DA252A546400C28D5A /* EventsApp.xcdatamodel */,
			);
			currentVersion = CD6CE0DA252A546400C28D5A /* EventsApp.xcdatamodel */;
			path = EventsApp.xcdatamodeld;
			sourceTree = "<group>";
			versionGroupType = wrapper.xcdatamodel;
		};
/* End XCVersionGroup section */
	};
	rootObject = CD6CE0A9252A4F0B00C28D5A /* Project object */;
}
